
Microsoft Visual Studio Solution File, Format Version 12.00
# Visual Studio Version 17
VisualStudioVersion = 17.1.32210.238
MinimumVisualStudioVersion = 10.0.40219.1
Project("{9A19103F-16F7-4668-BE54-9A1E7A4F7556}") = "DesignPattern", "DesignPattern\DesignPattern.csproj", "{4D81AF00-2A38-4A3F-A524-5EB217357702}"
EndProject
Project("{FAE04EC0-301F-11D3-BF4B-00C04F79EFBC}") = "DecoratorPatternPizza", "DecoratorPatternPizza\DecoratorPatternPizza.csproj", "{91B9EC47-892A-435D-BB2B-1AC0CE1F9257}"
EndProject
Project("{FAE04EC0-301F-11D3-BF4B-00C04F79EFBC}") = "DecoratorPatternOrder", "DecoratorPatternOrder\DecoratorPatternOrder.csproj", "{6F710392-A019-4F3D-A259-B16F7B897884}"
EndProject
Project("{FAE04EC0-301F-11D3-BF4B-00C04F79EFBC}") = "AdapterPattern", "AdaptorPattern\AdapterPattern.csproj", "{ECA29B0D-D04C-4A6E-9D15-6BA40B74EC58}"
EndProject
Project("{FAE04EC0-301F-11D3-BF4B-00C04F79EFBC}") = "BuilderPattern", "BuilderPattern\BuilderPattern.csproj", "{52AE7293-B92C-4A7F-B72D-DB9A1CD01441}"
EndProject
Project("{FAE04EC0-301F-11D3-BF4B-00C04F79EFBC}") = "PrototypePattern", "PrototypePattern\PrototypePattern.csproj", "{B2EC79A9-C6D9-43B1-81A8-A31086733F5E}"
EndProject
Project("{FAE04EC0-301F-11D3-BF4B-00C04F79EFBC}") = "StatePattern", "StatePattern\StatePattern.csproj", "{2EAE20CC-869E-4163-955D-AE0FC5B04ED9}"
EndProject
Project("{FAE04EC0-301F-11D3-BF4B-00C04F79EFBC}") = "StatePatternAtm", "StatePatternAtm\StatePatternAtm.csproj", "{4E2A493C-CDB1-4D56-9629-0F9389F07E17}"
EndProject
Project("{FAE04EC0-301F-11D3-BF4B-00C04F79EFBC}") = "ChainOfResponsibilityPattern", "ChainOfResponsibilityPattern\ChainOfResponsibilityPattern.csproj", "{19456A6A-1A4E-448D-9A2D-0A560BC10D60}"
EndProject
Project("{FAE04EC0-301F-11D3-BF4B-00C04F79EFBC}") = "ChainOfResponsibilityPatternAction", "ChainOfResponsibilityPatternAction\ChainOfResponsibilityPatternAction.csproj", "{C7008285-8C71-48F2-9006-3C4B54B06EC0}"
EndProject
Project("{FAE04EC0-301F-11D3-BF4B-00C04F79EFBC}") = "IDisposableBestPractices", "IdisposableBestPractices\IDisposableBestPractices.csproj", "{105C0BCF-624D-4EF9-8ADD-C35F0E86D73B}"
EndProject
Project("{FAE04EC0-301F-11D3-BF4B-00C04F79EFBC}") = "ChainOfRRespoLeavesApp", "ChainOfRRespoLeavesApp\ChainOfRRespoLeavesApp.csproj", "{3E05CE34-6FDB-4570-B3E1-2C292092B047}"
EndProject
Project("{9A19103F-16F7-4668-BE54-9A1E7A4F7556}") = "zFactoryPattern", "zFactoryPattern\zFactoryPattern.csproj", "{C88A166A-C67A-433E-8819-43A01C597188}"
EndProject
Project("{9A19103F-16F7-4668-BE54-9A1E7A4F7556}") = "zFactoryMethodPattern", "zFactoryMethodPattern\zFactoryMethodPattern.csproj", "{9D8B6E73-E991-43B7-8A8A-560EBB0D1118}"
EndProject
Project("{9A19103F-16F7-4668-BE54-9A1E7A4F7556}") = "zAbstractFactoryPattern", "zAbstractFactoryPattern\zAbstractFactoryPattern.csproj", "{4153618F-DF63-41FD-83A2-2F0CDECB6D93}"
EndProject
Project("{9A19103F-16F7-4668-BE54-9A1E7A4F7556}") = "Singleton", "Singleton\Singleton.csproj", "{73941885-F37C-447B-B273-0AF4DDCFCC17}"
EndProject
Project("{9A19103F-16F7-4668-BE54-9A1E7A4F7556}") = "RepositoryPattern", "RepositoryPattern\RepositoryPattern.csproj", "{B565E5B9-484F-4734-8D5E-5D085C26D742}"
EndProject
Project("{9A19103F-16F7-4668-BE54-9A1E7A4F7556}") = "ObserverPattern", "observerPattern\ObserverPattern.csproj", "{04C57D4D-C937-4538-9B14-0B98CF1B2C33}"
EndProject
Project("{9A19103F-16F7-4668-BE54-9A1E7A4F7556}") = "StrategyPattern", "StrategyPattern\StrategyPattern.csproj", "{90CB435F-4C74-4D12-8E93-A6C79CC9BF6D}"
EndProject
Project("{FAE04EC0-301F-11D3-BF4B-00C04F79EFBC}") = "zFactoryPatternModified", "zFactoryPatternModified\zFactoryPatternModified.csproj", "{3C84DFA8-6FCE-4BAB-81AF-C443878AC175}"
EndProject
Project("{FAE04EC0-301F-11D3-BF4B-00C04F79EFBC}") = "CommandPattern", "CommandPattern\CommandPattern.csproj", "{8E818E17-D549-40CD-97BA-8D9F229EC2FC}"
EndProject
Project("{FAE04EC0-301F-11D3-BF4B-00C04F79EFBC}") = "CommandPatternDineChef", "CommandPatternDineChef\CommandPatternDineChef.csproj", "{8A267574-53F4-4451-9956-C86FD1812CC7}"
EndProject
Project("{FAE04EC0-301F-11D3-BF4B-00C04F79EFBC}") = "CommandPatternRestaurant", "CommandPatternRestaurant\CommandPatternRestaurant.csproj", "{BB5112CC-C3C2-4297-8B4F-8552EF77BBCA}"
EndProject
Project("{FAE04EC0-301F-11D3-BF4B-00C04F79EFBC}") = "DataStructure", "DataStructre\DataStructure.csproj", "{4D48D351-C390-4596-822C-DFDBE3F39FC2}"
EndProject
Project("{9A19103F-16F7-4668-BE54-9A1E7A4F7556}") = "RuleEngine", "RuleEngine\RuleEngine\RuleEngine.csproj", "{D6A6EAB6-768F-4F78-8583-5871DE508526}"
EndProject
Project("{2150E333-8FDC-42A3-9474-1A3956D46DE8}") = "StateDesignPattern", "StateDesignPattern", "{EBF56726-ADCA-4190-B4D5-58718B5C87EA}"
EndProject
Project("{9A19103F-16F7-4668-BE54-9A1E7A4F7556}") = "StateDesignPattern", "StateDesignPattern\StateDesignPattern.csproj", "{E897218C-6C00-49AD-8A28-D90CCBD6680B}"
EndProject
Project("{9A19103F-16F7-4668-BE54-9A1E7A4F7556}") = "WithoutStateDesignPattern", "WithoutStateDesignPattern\WithoutStateDesignPattern.csproj", "{AE4F81E7-D52E-4E4F-8E08-EF7BEB7B2869}"
EndProject
Project("{9A19103F-16F7-4668-BE54-9A1E7A4F7556}") = "AdaptorDesignPattern", "AdaptorDesignPattern\AdaptorDesignPattern.csproj", "{9DEA5442-A6F8-4AC6-8D75-7A2B2F62937E}"
EndProject
Project("{9A19103F-16F7-4668-BE54-9A1E7A4F7556}") = "NullPattern", "NullPattern\NullPattern.csproj", "{AA8BA42D-E6C4-4964-B3BD-E3EE6FD92083}"
EndProject
Project("{9A19103F-16F7-4668-BE54-9A1E7A4F7556}") = "DeocrateDI", "DeocrateDI\DeocrateDI.csproj", "{BE840DF5-A4DF-4A12-AFEB-2FE3A8089283}"
EndProject
Project("{2150E333-8FDC-42A3-9474-1A3956D46DE8}") = "SOLID", "SOLID", "{3314327A-6B15-49FB-8C1D-F9471EF48FDF}"
EndProject
Project("{9A19103F-16F7-4668-BE54-9A1E7A4F7556}") = "SRP", "SRP\SRP.csproj", "{AFCC0452-EB03-43B4-A894-C976D75D5EB4}"
EndProject
Project("{9A19103F-16F7-4668-BE54-9A1E7A4F7556}") = "LislovSP", "LislovSP\LislovSP.csproj", "{3668492A-7211-42AC-BBCF-500B191E0366}"
EndProject
Project("{9A19103F-16F7-4668-BE54-9A1E7A4F7556}") = "DIP", "DIP\DIP.csproj", "{4109B8E7-CDC0-4270-9A2E-E24A90D13062}"
EndProject
Project("{9A19103F-16F7-4668-BE54-9A1E7A4F7556}") = "ObserverDesingPattens", "ObserverDesingPattens\ObserverDesingPattens.csproj", "{03592DD7-5BF1-4514-AEC1-F10729632C08}"
EndProject
Project("{9A19103F-16F7-4668-BE54-9A1E7A4F7556}") = "CovarianceAndContrvariance", "CovarianceAndContrvariance\CovarianceAndContrvariance.csproj", "{586BFE1C-4FF2-4445-BF72-304D9C57A2A0}"
EndProject
Project("{9A19103F-16F7-4668-BE54-9A1E7A4F7556}") = "DelegateAndEvents", "DelegateAndEvents\DelegateAndEvents.csproj", "{4D6DEFC4-E3C5-466E-B7C6-17E10EE81184}"
EndProject
Project("{2150E333-8FDC-42A3-9474-1A3956D46DE8}") = "C#", "C#", "{C1F75BE6-7894-4D93-87A6-C080AD5EB3CE}"
EndProject
Project("{2150E333-8FDC-42A3-9474-1A3956D46DE8}") = "Adaptor", "Adaptor", "{37FB56C2-EA89-4478-9F47-7D9FF8D893C6}"
EndProject
Project("{2150E333-8FDC-42A3-9474-1A3956D46DE8}") = "ChainOfResponsibilty", "ChainOfResponsibilty", "{626E182D-EEF4-4CC1-A058-0DE437ECBE05}"
EndProject
Project("{2150E333-8FDC-42A3-9474-1A3956D46DE8}") = "CommandDesignPattern", "CommandDesignPattern", "{14D27C34-0349-43F7-B445-650B6204AC11}"
EndProject
Project("{2150E333-8FDC-42A3-9474-1A3956D46DE8}") = "Decorator", "Decorator", "{B38186FC-AF1A-4F56-B05E-81EA85CA491D}"
EndProject
Project("{2150E333-8FDC-42A3-9474-1A3956D46DE8}") = "Factory", "Factory", "{C38E7C74-D265-4447-81C1-E3095AACE8FC}"
EndProject
Project("{2150E333-8FDC-42A3-9474-1A3956D46DE8}") = "Obsolate", "Obsolate", "{A477C232-D724-4BBC-9808-C68595C43810}"
EndProject
Project("{2150E333-8FDC-42A3-9474-1A3956D46DE8}") = "Observer", "Observer", "{E49221D9-1F8E-491B-8758-2F4BF5AE6C38}"
EndProject
Global
	GlobalSection(SolutionConfigurationPlatforms) = preSolution
		Debug|Any CPU = Debug|Any CPU
		Release|Any CPU = Release|Any CPU
	EndGlobalSection
	GlobalSection(ProjectConfigurationPlatforms) = postSolution
		{4D81AF00-2A38-4A3F-A524-5EB217357702}.Debug|Any CPU.ActiveCfg = Debug|Any CPU
		{4D81AF00-2A38-4A3F-A524-5EB217357702}.Debug|Any CPU.Build.0 = Debug|Any CPU
		{4D81AF00-2A38-4A3F-A524-5EB217357702}.Release|Any CPU.ActiveCfg = Release|Any CPU
		{4D81AF00-2A38-4A3F-A524-5EB217357702}.Release|Any CPU.Build.0 = Release|Any CPU
		{91B9EC47-892A-435D-BB2B-1AC0CE1F9257}.Debug|Any CPU.ActiveCfg = Debug|Any CPU
		{91B9EC47-892A-435D-BB2B-1AC0CE1F9257}.Debug|Any CPU.Build.0 = Debug|Any CPU
		{91B9EC47-892A-435D-BB2B-1AC0CE1F9257}.Release|Any CPU.ActiveCfg = Release|Any CPU
		{91B9EC47-892A-435D-BB2B-1AC0CE1F9257}.Release|Any CPU.Build.0 = Release|Any CPU
		{6F710392-A019-4F3D-A259-B16F7B897884}.Debug|Any CPU.ActiveCfg = Debug|Any CPU
		{6F710392-A019-4F3D-A259-B16F7B897884}.Debug|Any CPU.Build.0 = Debug|Any CPU
		{6F710392-A019-4F3D-A259-B16F7B897884}.Release|Any CPU.ActiveCfg = Release|Any CPU
		{6F710392-A019-4F3D-A259-B16F7B897884}.Release|Any CPU.Build.0 = Release|Any CPU
		{ECA29B0D-D04C-4A6E-9D15-6BA40B74EC58}.Debug|Any CPU.ActiveCfg = Debug|Any CPU
		{ECA29B0D-D04C-4A6E-9D15-6BA40B74EC58}.Debug|Any CPU.Build.0 = Debug|Any CPU
		{ECA29B0D-D04C-4A6E-9D15-6BA40B74EC58}.Release|Any CPU.ActiveCfg = Release|Any CPU
		{ECA29B0D-D04C-4A6E-9D15-6BA40B74EC58}.Release|Any CPU.Build.0 = Release|Any CPU
		{52AE7293-B92C-4A7F-B72D-DB9A1CD01441}.Debug|Any CPU.ActiveCfg = Debug|Any CPU
		{52AE7293-B92C-4A7F-B72D-DB9A1CD01441}.Debug|Any CPU.Build.0 = Debug|Any CPU
		{52AE7293-B92C-4A7F-B72D-DB9A1CD01441}.Release|Any CPU.ActiveCfg = Release|Any CPU
		{52AE7293-B92C-4A7F-B72D-DB9A1CD01441}.Release|Any CPU.Build.0 = Release|Any CPU
		{B2EC79A9-C6D9-43B1-81A8-A31086733F5E}.Debug|Any CPU.ActiveCfg = Debug|Any CPU
		{B2EC79A9-C6D9-43B1-81A8-A31086733F5E}.Debug|Any CPU.Build.0 = Debug|Any CPU
		{B2EC79A9-C6D9-43B1-81A8-A31086733F5E}.Release|Any CPU.ActiveCfg = Release|Any CPU
		{B2EC79A9-C6D9-43B1-81A8-A31086733F5E}.Release|Any CPU.Build.0 = Release|Any CPU
		{2EAE20CC-869E-4163-955D-AE0FC5B04ED9}.Debug|Any CPU.ActiveCfg = Debug|Any CPU
		{2EAE20CC-869E-4163-955D-AE0FC5B04ED9}.Debug|Any CPU.Build.0 = Debug|Any CPU
		{2EAE20CC-869E-4163-955D-AE0FC5B04ED9}.Release|Any CPU.ActiveCfg = Release|Any CPU
		{2EAE20CC-869E-4163-955D-AE0FC5B04ED9}.Release|Any CPU.Build.0 = Release|Any CPU
		{4E2A493C-CDB1-4D56-9629-0F9389F07E17}.Debug|Any CPU.ActiveCfg = Debug|Any CPU
		{4E2A493C-CDB1-4D56-9629-0F9389F07E17}.Debug|Any CPU.Build.0 = Debug|Any CPU
		{4E2A493C-CDB1-4D56-9629-0F9389F07E17}.Release|Any CPU.ActiveCfg = Release|Any CPU
		{4E2A493C-CDB1-4D56-9629-0F9389F07E17}.Release|Any CPU.Build.0 = Release|Any CPU
		{19456A6A-1A4E-448D-9A2D-0A560BC10D60}.Debug|Any CPU.ActiveCfg = Debug|Any CPU
		{19456A6A-1A4E-448D-9A2D-0A560BC10D60}.Debug|Any CPU.Build.0 = Debug|Any CPU
		{19456A6A-1A4E-448D-9A2D-0A560BC10D60}.Release|Any CPU.ActiveCfg = Release|Any CPU
		{19456A6A-1A4E-448D-9A2D-0A560BC10D60}.Release|Any CPU.Build.0 = Release|Any CPU
		{C7008285-8C71-48F2-9006-3C4B54B06EC0}.Debug|Any CPU.ActiveCfg = Debug|Any CPU
		{C7008285-8C71-48F2-9006-3C4B54B06EC0}.Debug|Any CPU.Build.0 = Debug|Any CPU
		{C7008285-8C71-48F2-9006-3C4B54B06EC0}.Release|Any CPU.ActiveCfg = Release|Any CPU
		{C7008285-8C71-48F2-9006-3C4B54B06EC0}.Release|Any CPU.Build.0 = Release|Any CPU
		{105C0BCF-624D-4EF9-8ADD-C35F0E86D73B}.Debug|Any CPU.ActiveCfg = Debug|Any CPU
		{105C0BCF-624D-4EF9-8ADD-C35F0E86D73B}.Debug|Any CPU.Build.0 = Debug|Any CPU
		{105C0BCF-624D-4EF9-8ADD-C35F0E86D73B}.Release|Any CPU.ActiveCfg = Release|Any CPU
		{105C0BCF-624D-4EF9-8ADD-C35F0E86D73B}.Release|Any CPU.Build.0 = Release|Any CPU
		{3E05CE34-6FDB-4570-B3E1-2C292092B047}.Debug|Any CPU.ActiveCfg = Debug|Any CPU
		{3E05CE34-6FDB-4570-B3E1-2C292092B047}.Debug|Any CPU.Build.0 = Debug|Any CPU
		{3E05CE34-6FDB-4570-B3E1-2C292092B047}.Release|Any CPU.ActiveCfg = Release|Any CPU
		{3E05CE34-6FDB-4570-B3E1-2C292092B047}.Release|Any CPU.Build.0 = Release|Any CPU
		{C88A166A-C67A-433E-8819-43A01C597188}.Debug|Any CPU.ActiveCfg = Debug|Any CPU
		{C88A166A-C67A-433E-8819-43A01C597188}.Debug|Any CPU.Build.0 = Debug|Any CPU
		{C88A166A-C67A-433E-8819-43A01C597188}.Release|Any CPU.ActiveCfg = Release|Any CPU
		{C88A166A-C67A-433E-8819-43A01C597188}.Release|Any CPU.Build.0 = Release|Any CPU
		{9D8B6E73-E991-43B7-8A8A-560EBB0D1118}.Debug|Any CPU.ActiveCfg = Debug|Any CPU
		{9D8B6E73-E991-43B7-8A8A-560EBB0D1118}.Debug|Any CPU.Build.0 = Debug|Any CPU
		{9D8B6E73-E991-43B7-8A8A-560EBB0D1118}.Release|Any CPU.ActiveCfg = Release|Any CPU
		{9D8B6E73-E991-43B7-8A8A-560EBB0D1118}.Release|Any CPU.Build.0 = Release|Any CPU
		{4153618F-DF63-41FD-83A2-2F0CDECB6D93}.Debug|Any CPU.ActiveCfg = Debug|Any CPU
		{4153618F-DF63-41FD-83A2-2F0CDECB6D93}.Debug|Any CPU.Build.0 = Debug|Any CPU
		{4153618F-DF63-41FD-83A2-2F0CDECB6D93}.Release|Any CPU.ActiveCfg = Release|Any CPU
		{4153618F-DF63-41FD-83A2-2F0CDECB6D93}.Release|Any CPU.Build.0 = Release|Any CPU
		{73941885-F37C-447B-B273-0AF4DDCFCC17}.Debug|Any CPU.ActiveCfg = Debug|Any CPU
		{73941885-F37C-447B-B273-0AF4DDCFCC17}.Debug|Any CPU.Build.0 = Debug|Any CPU
		{73941885-F37C-447B-B273-0AF4DDCFCC17}.Release|Any CPU.ActiveCfg = Release|Any CPU
		{73941885-F37C-447B-B273-0AF4DDCFCC17}.Release|Any CPU.Build.0 = Release|Any CPU
		{B565E5B9-484F-4734-8D5E-5D085C26D742}.Debug|Any CPU.ActiveCfg = Debug|Any CPU
		{B565E5B9-484F-4734-8D5E-5D085C26D742}.Debug|Any CPU.Build.0 = Debug|Any CPU
		{B565E5B9-484F-4734-8D5E-5D085C26D742}.Release|Any CPU.ActiveCfg = Release|Any CPU
		{B565E5B9-484F-4734-8D5E-5D085C26D742}.Release|Any CPU.Build.0 = Release|Any CPU
		{04C57D4D-C937-4538-9B14-0B98CF1B2C33}.Debug|Any CPU.ActiveCfg = Debug|Any CPU
		{04C57D4D-C937-4538-9B14-0B98CF1B2C33}.Debug|Any CPU.Build.0 = Debug|Any CPU
		{04C57D4D-C937-4538-9B14-0B98CF1B2C33}.Release|Any CPU.ActiveCfg = Release|Any CPU
		{04C57D4D-C937-4538-9B14-0B98CF1B2C33}.Release|Any CPU.Build.0 = Release|Any CPU
		{90CB435F-4C74-4D12-8E93-A6C79CC9BF6D}.Debug|Any CPU.ActiveCfg = Debug|Any CPU
		{90CB435F-4C74-4D12-8E93-A6C79CC9BF6D}.Debug|Any CPU.Build.0 = Debug|Any CPU
		{90CB435F-4C74-4D12-8E93-A6C79CC9BF6D}.Release|Any CPU.ActiveCfg = Release|Any CPU
		{90CB435F-4C74-4D12-8E93-A6C79CC9BF6D}.Release|Any CPU.Build.0 = Release|Any CPU
		{3C84DFA8-6FCE-4BAB-81AF-C443878AC175}.Debug|Any CPU.ActiveCfg = Debug|Any CPU
		{3C84DFA8-6FCE-4BAB-81AF-C443878AC175}.Debug|Any CPU.Build.0 = Debug|Any CPU
		{3C84DFA8-6FCE-4BAB-81AF-C443878AC175}.Release|Any CPU.ActiveCfg = Release|Any CPU
		{3C84DFA8-6FCE-4BAB-81AF-C443878AC175}.Release|Any CPU.Build.0 = Release|Any CPU
		{8E818E17-D549-40CD-97BA-8D9F229EC2FC}.Debug|Any CPU.ActiveCfg = Debug|Any CPU
		{8E818E17-D549-40CD-97BA-8D9F229EC2FC}.Debug|Any CPU.Build.0 = Debug|Any CPU
		{8E818E17-D549-40CD-97BA-8D9F229EC2FC}.Release|Any CPU.ActiveCfg = Release|Any CPU
		{8E818E17-D549-40CD-97BA-8D9F229EC2FC}.Release|Any CPU.Build.0 = Release|Any CPU
		{8A267574-53F4-4451-9956-C86FD1812CC7}.Debug|Any CPU.ActiveCfg = Debug|Any CPU
		{8A267574-53F4-4451-9956-C86FD1812CC7}.Debug|Any CPU.Build.0 = Debug|Any CPU
		{8A267574-53F4-4451-9956-C86FD1812CC7}.Release|Any CPU.ActiveCfg = Release|Any CPU
		{8A267574-53F4-4451-9956-C86FD1812CC7}.Release|Any CPU.Build.0 = Release|Any CPU
		{BB5112CC-C3C2-4297-8B4F-8552EF77BBCA}.Debug|Any CPU.ActiveCfg = Debug|Any CPU
		{BB5112CC-C3C2-4297-8B4F-8552EF77BBCA}.Debug|Any CPU.Build.0 = Debug|Any CPU
		{BB5112CC-C3C2-4297-8B4F-8552EF77BBCA}.Release|Any CPU.ActiveCfg = Release|Any CPU
		{BB5112CC-C3C2-4297-8B4F-8552EF77BBCA}.Release|Any CPU.Build.0 = Release|Any CPU
		{4D48D351-C390-4596-822C-DFDBE3F39FC2}.Debug|Any CPU.ActiveCfg = Debug|Any CPU
		{4D48D351-C390-4596-822C-DFDBE3F39FC2}.Debug|Any CPU.Build.0 = Debug|Any CPU
		{4D48D351-C390-4596-822C-DFDBE3F39FC2}.Release|Any CPU.ActiveCfg = Release|Any CPU
		{4D48D351-C390-4596-822C-DFDBE3F39FC2}.Release|Any CPU.Build.0 = Release|Any CPU
		{D6A6EAB6-768F-4F78-8583-5871DE508526}.Debug|Any CPU.ActiveCfg = Debug|Any CPU
		{D6A6EAB6-768F-4F78-8583-5871DE508526}.Debug|Any CPU.Build.0 = Debug|Any CPU
		{D6A6EAB6-768F-4F78-8583-5871DE508526}.Release|Any CPU.ActiveCfg = Release|Any CPU
		{D6A6EAB6-768F-4F78-8583-5871DE508526}.Release|Any CPU.Build.0 = Release|Any CPU
		{E897218C-6C00-49AD-8A28-D90CCBD6680B}.Debug|Any CPU.ActiveCfg = Debug|Any CPU
		{E897218C-6C00-49AD-8A28-D90CCBD6680B}.Debug|Any CPU.Build.0 = Debug|Any CPU
		{E897218C-6C00-49AD-8A28-D90CCBD6680B}.Release|Any CPU.ActiveCfg = Release|Any CPU
		{E897218C-6C00-49AD-8A28-D90CCBD6680B}.Release|Any CPU.Build.0 = Release|Any CPU
		{AE4F81E7-D52E-4E4F-8E08-EF7BEB7B2869}.Debug|Any CPU.ActiveCfg = Debug|Any CPU
		{AE4F81E7-D52E-4E4F-8E08-EF7BEB7B2869}.Debug|Any CPU.Build.0 = Debug|Any CPU
		{AE4F81E7-D52E-4E4F-8E08-EF7BEB7B2869}.Release|Any CPU.ActiveCfg = Release|Any CPU
		{AE4F81E7-D52E-4E4F-8E08-EF7BEB7B2869}.Release|Any CPU.Build.0 = Release|Any CPU
		{9DEA5442-A6F8-4AC6-8D75-7A2B2F62937E}.Debug|Any CPU.ActiveCfg = Debug|Any CPU
		{9DEA5442-A6F8-4AC6-8D75-7A2B2F62937E}.Debug|Any CPU.Build.0 = Debug|Any CPU
		{9DEA5442-A6F8-4AC6-8D75-7A2B2F62937E}.Release|Any CPU.ActiveCfg = Release|Any CPU
		{9DEA5442-A6F8-4AC6-8D75-7A2B2F62937E}.Release|Any CPU.Build.0 = Release|Any CPU
		{AA8BA42D-E6C4-4964-B3BD-E3EE6FD92083}.Debug|Any CPU.ActiveCfg = Debug|Any CPU
		{AA8BA42D-E6C4-4964-B3BD-E3EE6FD92083}.Debug|Any CPU.Build.0 = Debug|Any CPU
		{AA8BA42D-E6C4-4964-B3BD-E3EE6FD92083}.Release|Any CPU.ActiveCfg = Release|Any CPU
		{AA8BA42D-E6C4-4964-B3BD-E3EE6FD92083}.Release|Any CPU.Build.0 = Release|Any CPU
		{BE840DF5-A4DF-4A12-AFEB-2FE3A8089283}.Debug|Any CPU.ActiveCfg = Debug|Any CPU
		{BE840DF5-A4DF-4A12-AFEB-2FE3A8089283}.Debug|Any CPU.Build.0 = Debug|Any CPU
		{BE840DF5-A4DF-4A12-AFEB-2FE3A8089283}.Release|Any CPU.ActiveCfg = Release|Any CPU
		{BE840DF5-A4DF-4A12-AFEB-2FE3A8089283}.Release|Any CPU.Build.0 = Release|Any CPU
		{AFCC0452-EB03-43B4-A894-C976D75D5EB4}.Debug|Any CPU.ActiveCfg = Debug|Any CPU
		{AFCC0452-EB03-43B4-A894-C976D75D5EB4}.Debug|Any CPU.Build.0 = Debug|Any CPU
		{AFCC0452-EB03-43B4-A894-C976D75D5EB4}.Release|Any CPU.ActiveCfg = Release|Any CPU
		{AFCC0452-EB03-43B4-A894-C976D75D5EB4}.Release|Any CPU.Build.0 = Release|Any CPU
		{3668492A-7211-42AC-BBCF-500B191E0366}.Debug|Any CPU.ActiveCfg = Debug|Any CPU
		{3668492A-7211-42AC-BBCF-500B191E0366}.Debug|Any CPU.Build.0 = Debug|Any CPU
		{3668492A-7211-42AC-BBCF-500B191E0366}.Release|Any CPU.ActiveCfg = Release|Any CPU
		{3668492A-7211-42AC-BBCF-500B191E0366}.Release|Any CPU.Build.0 = Release|Any CPU
		{4109B8E7-CDC0-4270-9A2E-E24A90D13062}.Debug|Any CPU.ActiveCfg = Debug|Any CPU
		{4109B8E7-CDC0-4270-9A2E-E24A90D13062}.Debug|Any CPU.Build.0 = Debug|Any CPU
		{4109B8E7-CDC0-4270-9A2E-E24A90D13062}.Release|Any CPU.ActiveCfg = Release|Any CPU
		{4109B8E7-CDC0-4270-9A2E-E24A90D13062}.Release|Any CPU.Build.0 = Release|Any CPU
		{03592DD7-5BF1-4514-AEC1-F10729632C08}.Debug|Any CPU.ActiveCfg = Debug|Any CPU
		{03592DD7-5BF1-4514-AEC1-F10729632C08}.Debug|Any CPU.Build.0 = Debug|Any CPU
		{03592DD7-5BF1-4514-AEC1-F10729632C08}.Release|Any CPU.ActiveCfg = Release|Any CPU
		{03592DD7-5BF1-4514-AEC1-F10729632C08}.Release|Any CPU.Build.0 = Release|Any CPU
		{586BFE1C-4FF2-4445-BF72-304D9C57A2A0}.Debug|Any CPU.ActiveCfg = Debug|Any CPU
		{586BFE1C-4FF2-4445-BF72-304D9C57A2A0}.Debug|Any CPU.Build.0 = Debug|Any CPU
		{586BFE1C-4FF2-4445-BF72-304D9C57A2A0}.Release|Any CPU.ActiveCfg = Release|Any CPU
		{586BFE1C-4FF2-4445-BF72-304D9C57A2A0}.Release|Any CPU.Build.0 = Release|Any CPU
		{4D6DEFC4-E3C5-466E-B7C6-17E10EE81184}.Debug|Any CPU.ActiveCfg = Debug|Any CPU
		{4D6DEFC4-E3C5-466E-B7C6-17E10EE81184}.Debug|Any CPU.Build.0 = Debug|Any CPU
		{4D6DEFC4-E3C5-466E-B7C6-17E10EE81184}.Release|Any CPU.ActiveCfg = Release|Any CPU
		{4D6DEFC4-E3C5-466E-B7C6-17E10EE81184}.Release|Any CPU.Build.0 = Release|Any CPU
	EndGlobalSection
	GlobalSection(SolutionProperties) = preSolution
		HideSolutionNode = FALSE
	EndGlobalSection
	GlobalSection(NestedProjects) = preSolution
		{91B9EC47-892A-435D-BB2B-1AC0CE1F9257} = {B38186FC-AF1A-4F56-B05E-81EA85CA491D}
		{6F710392-A019-4F3D-A259-B16F7B897884} = {B38186FC-AF1A-4F56-B05E-81EA85CA491D}
		{ECA29B0D-D04C-4A6E-9D15-6BA40B74EC58} = {37FB56C2-EA89-4478-9F47-7D9FF8D893C6}
		{2EAE20CC-869E-4163-955D-AE0FC5B04ED9} = {A477C232-D724-4BBC-9808-C68595C43810}
		{4E2A493C-CDB1-4D56-9629-0F9389F07E17} = {A477C232-D724-4BBC-9808-C68595C43810}
		{19456A6A-1A4E-448D-9A2D-0A560BC10D60} = {626E182D-EEF4-4CC1-A058-0DE437ECBE05}
		{C7008285-8C71-48F2-9006-3C4B54B06EC0} = {626E182D-EEF4-4CC1-A058-0DE437ECBE05}
		{105C0BCF-624D-4EF9-8ADD-C35F0E86D73B} = {C1F75BE6-7894-4D93-87A6-C080AD5EB3CE}
		{3E05CE34-6FDB-4570-B3E1-2C292092B047} = {626E182D-EEF4-4CC1-A058-0DE437ECBE05}
		{C88A166A-C67A-433E-8819-43A01C597188} = {C38E7C74-D265-4447-81C1-E3095AACE8FC}
		{9D8B6E73-E991-43B7-8A8A-560EBB0D1118} = {C38E7C74-D265-4447-81C1-E3095AACE8FC}
		{4153618F-DF63-41FD-83A2-2F0CDECB6D93} = {C38E7C74-D265-4447-81C1-E3095AACE8FC}
		{04C57D4D-C937-4538-9B14-0B98CF1B2C33} = {E49221D9-1F8E-491B-8758-2F4BF5AE6C38}
		{3C84DFA8-6FCE-4BAB-81AF-C443878AC175} = {C38E7C74-D265-4447-81C1-E3095AACE8FC}
		{8E818E17-D549-40CD-97BA-8D9F229EC2FC} = {14D27C34-0349-43F7-B445-650B6204AC11}
		{8A267574-53F4-4451-9956-C86FD1812CC7} = {14D27C34-0349-43F7-B445-650B6204AC11}
		{BB5112CC-C3C2-4297-8B4F-8552EF77BBCA} = {14D27C34-0349-43F7-B445-650B6204AC11}
		{E897218C-6C00-49AD-8A28-D90CCBD6680B} = {EBF56726-ADCA-4190-B4D5-58718B5C87EA}
		{AE4F81E7-D52E-4E4F-8E08-EF7BEB7B2869} = {EBF56726-ADCA-4190-B4D5-58718B5C87EA}
		{9DEA5442-A6F8-4AC6-8D75-7A2B2F62937E} = {37FB56C2-EA89-4478-9F47-7D9FF8D893C6}
		{BE840DF5-A4DF-4A12-AFEB-2FE3A8089283} = {B38186FC-AF1A-4F56-B05E-81EA85CA491D}
		{AFCC0452-EB03-43B4-A894-C976D75D5EB4} = {3314327A-6B15-49FB-8C1D-F9471EF48FDF}
		{3668492A-7211-42AC-BBCF-500B191E0366} = {3314327A-6B15-49FB-8C1D-F9471EF48FDF}
		{4109B8E7-CDC0-4270-9A2E-E24A90D13062} = {3314327A-6B15-49FB-8C1D-F9471EF48FDF}
		{03592DD7-5BF1-4514-AEC1-F10729632C08} = {E49221D9-1F8E-491B-8758-2F4BF5AE6C38}
		{586BFE1C-4FF2-4445-BF72-304D9C57A2A0} = {C1F75BE6-7894-4D93-87A6-C080AD5EB3CE}
		{4D6DEFC4-E3C5-466E-B7C6-17E10EE81184} = {C1F75BE6-7894-4D93-87A6-C080AD5EB3CE}
		{A477C232-D724-4BBC-9808-C68595C43810} = {EBF56726-ADCA-4190-B4D5-58718B5C87EA}
	EndGlobalSection
	GlobalSection(ExtensibilityGlobals) = postSolution
		SolutionGuid = {8098D428-5190-4588-AB42-BD8F51F1F97C}
	EndGlobalSection
EndGlobal
